<?xml version="1.0" encoding="UTF-8"?>
<Scheme
   version = "1.3">
   <BuildAction>
      <BuildActionEntries>
         <BuildActionEntry
            buildForRunning = "YES">
            <BuildableReference
               BuildableIdentifier = "primary"
               BlueprintIdentifier = "94E40ADC28C29F70006912E7"
               BuildableName = "RealtimeStyleTransfer.app"
               BlueprintName = "RealtimeStyleTransfer"
               ReferencedContainer = "container:RealtimeStyleTransfer.xcodeproj">
            </BuildableReference>
         </BuildActionEntry>
      </BuildActionEntries>
   </BuildAction>
   <LaunchAction
      useCustomWorkingDirectory = "NO"
      buildConfiguration = "Debug"
      allowLocationSimulation = "YES">
      <BuildableProductRunnable>
         <BuildableReference
            BuildableIdentifier = "primary"
            BlueprintIdentifier = "94E40ADC28C29F70006912E7"
            BuildableName = "RealtimeStyleTransfer.app"
            BlueprintName = "RealtimeStyleTransfer"
            ReferencedContainer = "container:RealtimeStyleTransfer.xcodeproj">
         </BuildableReference>
      </BuildableProductRunnable>
   </LaunchAction>
</Scheme>
